
Microsoft Visual Studio Solution File, Format Version 12.00
# Visual Studio Version 17
VisualStudioVersion = 17.8.34322.80
MinimumVisualStudioVersion = 10.0.40219.1
Project("{FAE04EC0-301F-11D3-BF4B-00C04F79EFBC}") = "EfcDemo", "EfcDemo\EfcDemo.csproj", "{34129C70-83F4-4122-833E-8E1B495AFED6}"
EndProject
Project("{FAE04EC0-301F-11D3-BF4B-00C04F79EFBC}") = "DataAccess", "DataAccess\DataAccess.csproj", "{01AFFA7F-339A-4D5D-8DB7-E1C97FB93D7D}"
EndProject
Global
	GlobalSection(SolutionConfigurationPlatforms) = preSolution
		Debug|Any CPU = Debug|Any CPU
		Release|Any CPU = Release|Any CPU
	EndGlobalSection
	GlobalSection(ProjectConfigurationPlatforms) = postSolution
		{34129C70-83F4-4122-833E-8E1B495AFED6}.Debug|Any CPU.ActiveCfg = Debug|Any CPU
		{34129C70-83F4-4122-833E-8E1B495AFED6}.Debug|Any CPU.Build.0 = Debug|Any CPU
		{34129C70-83F4-4122-833E-8E1B495AFED6}.Release|Any CPU.ActiveCfg = Release|Any CPU
		{34129C70-83F4-4122-833E-8E1B495AFED6}.Release|Any CPU.Build.0 = Release|Any CPU
		{01AFFA7F-339A-4D5D-8DB7-E1C97FB93D7D}.Debug|Any CPU.ActiveCfg = Debug|Any CPU
		{01AFFA7F-339A-4D5D-8DB7-E1C97FB93D7D}.Debug|Any CPU.Build.0 = Debug|Any CPU
		{01AFFA7F-339A-4D5D-8DB7-E1C97FB93D7D}.Release|Any CPU.ActiveCfg = Release|Any CPU
		{01AFFA7F-339A-4D5D-8DB7-E1C97FB93D7D}.Release|Any CPU.Build.0 = Release|Any CPU
	EndGlobalSection
	GlobalSection(SolutionProperties) = preSolution
		HideSolutionNode = FALSE
	EndGlobalSection
	GlobalSection(ExtensibilityGlobals) = postSolution
		SolutionGuid = {801F52FE-EB75-4935-A708-FD2C030ED119}
	EndGlobalSection
EndGlobal
