
Microsoft Visual Studio Solution File, Format Version 12.00
# Visual Studio Version 17
VisualStudioVersion = 17.7.34221.43
MinimumVisualStudioVersion = 10.0.40219.1
Project("{FAE04EC0-301F-11D3-BF4B-00C04F79EFBC}") = "MinFörstaEntityFramework", "MinFörstaEntityFramework\MinFörstaEntityFramework.csproj", "{05F574B4-1D22-4DAC-9853-DB915DB27EC4}"
EndProject
Project("{FAE04EC0-301F-11D3-BF4B-00C04F79EFBC}") = "DataAccess", "DataAccess\DataAccess.csproj", "{4F2C1548-14F3-4D26-90EB-D302CA9CD412}"
EndProject
Global
	GlobalSection(SolutionConfigurationPlatforms) = preSolution
		Debug|Any CPU = Debug|Any CPU
		Release|Any CPU = Release|Any CPU
	EndGlobalSection
	GlobalSection(ProjectConfigurationPlatforms) = postSolution
		{05F574B4-1D22-4DAC-9853-DB915DB27EC4}.Debug|Any CPU.ActiveCfg = Debug|Any CPU
		{05F574B4-1D22-4DAC-9853-DB915DB27EC4}.Debug|Any CPU.Build.0 = Debug|Any CPU
		{05F574B4-1D22-4DAC-9853-DB915DB27EC4}.Release|Any CPU.ActiveCfg = Release|Any CPU
		{05F574B4-1D22-4DAC-9853-DB915DB27EC4}.Release|Any CPU.Build.0 = Release|Any CPU
		{4F2C1548-14F3-4D26-90EB-D302CA9CD412}.Debug|Any CPU.ActiveCfg = Debug|Any CPU
		{4F2C1548-14F3-4D26-90EB-D302CA9CD412}.Debug|Any CPU.Build.0 = Debug|Any CPU
		{4F2C1548-14F3-4D26-90EB-D302CA9CD412}.Release|Any CPU.ActiveCfg = Release|Any CPU
		{4F2C1548-14F3-4D26-90EB-D302CA9CD412}.Release|Any CPU.Build.0 = Release|Any CPU
	EndGlobalSection
	GlobalSection(SolutionProperties) = preSolution
		HideSolutionNode = FALSE
	EndGlobalSection
	GlobalSection(ExtensibilityGlobals) = postSolution
		SolutionGuid = {48AD4DE3-80C4-431F-BEDD-D0D433EDF462}
	EndGlobalSection
EndGlobal
